
Microsoft Visual Studio Solution File, Format Version 12.00
# Visual Studio Version 16
VisualStudioVersion = 16.0.31729.503
MinimumVisualStudioVersion = 10.0.40219.1
Project("{FAE04EC0-301F-11D3-BF4B-00C04F79EFBC}") = "FirstApplication", "FirstApplication\FirstApplication.csproj", "{0ED79812-5C0E-4A2D-8BD4-DCD59044F496}"
EndProject
Global
	GlobalSection(SolutionConfigurationPlatforms) = preSolution
		Debug|Any CPU = Debug|Any CPU
		Release|Any CPU = Release|Any CPU
	EndGlobalSection
	GlobalSection(ProjectConfigurationPlatforms) = postSolution
		{0ED79812-5C0E-4A2D-8BD4-DCD59044F496}.Debug|Any CPU.ActiveCfg = Debug|Any CPU
		{0ED79812-5C0E-4A2D-8BD4-DCD59044F496}.Debug|Any CPU.Build.0 = Debug|Any CPU
		{0ED79812-5C0E-4A2D-8BD4-DCD59044F496}.Release|Any CPU.ActiveCfg = Release|Any CPU
		{0ED79812-5C0E-4A2D-8BD4-DCD59044F496}.Release|Any CPU.Build.0 = Release|Any CPU
	EndGlobalSection
	GlobalSection(SolutionProperties) = preSolution
		HideSolutionNode = FALSE
	EndGlobalSection
	GlobalSection(ExtensibilityGlobals) = postSolution
		SolutionGuid = {D31FF481-982B-4D8D-B2AB-C0DD8B583B45}
	EndGlobalSection
EndGlobal
